
Microsoft Visual Studio Solution File, Format Version 12.00
# Visual Studio Version 16
VisualStudioVersion = 16.0.29503.13
MinimumVisualStudioVersion = 10.0.40219.1
Project("{9A19103F-16F7-4668-BE54-9A1E7A4F7556}") = "RestApi", "RestApi\RestApi.csproj", "{FD1E7F97-F4FE-454A-A20F-1B1C51B2298B}"
EndProject
Project("{9A19103F-16F7-4668-BE54-9A1E7A4F7556}") = "Domain", "Domain\Domain.csproj", "{E039F64B-7AA1-4934-95E9-24DC3F319465}"
EndProject
Project("{9A19103F-16F7-4668-BE54-9A1E7A4F7556}") = "Application", "Application\Application.csproj", "{BAB47DB4-32B5-4C03-BEA5-203019A36A63}"
EndProject
Project("{FAE04EC0-301F-11D3-BF4B-00C04F79EFBC}") = "Persistense", "Persistense\Persistense.csproj", "{A2F2EA17-C057-44FB-9974-0FF5D867CA01}"
EndProject
Global
	GlobalSection(SolutionConfigurationPlatforms) = preSolution
		Debug|Any CPU = Debug|Any CPU
		Release|Any CPU = Release|Any CPU
	EndGlobalSection
	GlobalSection(ProjectConfigurationPlatforms) = postSolution
		{FD1E7F97-F4FE-454A-A20F-1B1C51B2298B}.Debug|Any CPU.ActiveCfg = Debug|Any CPU
		{FD1E7F97-F4FE-454A-A20F-1B1C51B2298B}.Debug|Any CPU.Build.0 = Debug|Any CPU
		{FD1E7F97-F4FE-454A-A20F-1B1C51B2298B}.Release|Any CPU.ActiveCfg = Release|Any CPU
		{FD1E7F97-F4FE-454A-A20F-1B1C51B2298B}.Release|Any CPU.Build.0 = Release|Any CPU
		{E039F64B-7AA1-4934-95E9-24DC3F319465}.Debug|Any CPU.ActiveCfg = Debug|Any CPU
		{E039F64B-7AA1-4934-95E9-24DC3F319465}.Debug|Any CPU.Build.0 = Debug|Any CPU
		{E039F64B-7AA1-4934-95E9-24DC3F319465}.Release|Any CPU.ActiveCfg = Release|Any CPU
		{E039F64B-7AA1-4934-95E9-24DC3F319465}.Release|Any CPU.Build.0 = Release|Any CPU
		{BAB47DB4-32B5-4C03-BEA5-203019A36A63}.Debug|Any CPU.ActiveCfg = Debug|Any CPU
		{BAB47DB4-32B5-4C03-BEA5-203019A36A63}.Debug|Any CPU.Build.0 = Debug|Any CPU
		{BAB47DB4-32B5-4C03-BEA5-203019A36A63}.Release|Any CPU.ActiveCfg = Release|Any CPU
		{BAB47DB4-32B5-4C03-BEA5-203019A36A63}.Release|Any CPU.Build.0 = Release|Any CPU
		{A2F2EA17-C057-44FB-9974-0FF5D867CA01}.Debug|Any CPU.ActiveCfg = Debug|Any CPU
		{A2F2EA17-C057-44FB-9974-0FF5D867CA01}.Debug|Any CPU.Build.0 = Debug|Any CPU
		{A2F2EA17-C057-44FB-9974-0FF5D867CA01}.Release|Any CPU.ActiveCfg = Release|Any CPU
		{A2F2EA17-C057-44FB-9974-0FF5D867CA01}.Release|Any CPU.Build.0 = Release|Any CPU
	EndGlobalSection
	GlobalSection(SolutionProperties) = preSolution
		HideSolutionNode = FALSE
	EndGlobalSection
	GlobalSection(ExtensibilityGlobals) = postSolution
		SolutionGuid = {9BC1E597-B17E-4B0B-ADF2-111F7EFFF194}
	EndGlobalSection
EndGlobal
